
Microsoft Visual Studio Solution File, Format Version 12.00
# Visual Studio Version 16
VisualStudioVersion = 25.0.1706.0
MinimumVisualStudioVersion = 10.0.40219.1
Project("{FAE04EC0-301F-11D3-BF4B-00C04F79EFBC}") = "Coffee Shop Registration", "Coffee Shop Registration\Coffee Shop Registration.csproj", "{DE4F55E6-0BB8-4A72-A04C-3BD9357701C2}"
EndProject
Global
	GlobalSection(SolutionConfigurationPlatforms) = preSolution
		Debug|Any CPU = Debug|Any CPU
		Release|Any CPU = Release|Any CPU
	EndGlobalSection
	GlobalSection(ProjectConfigurationPlatforms) = postSolution
		{DE4F55E6-0BB8-4A72-A04C-3BD9357701C2}.Debug|Any CPU.ActiveCfg = Debug|Any CPU
		{DE4F55E6-0BB8-4A72-A04C-3BD9357701C2}.Debug|Any CPU.Build.0 = Debug|Any CPU
		{DE4F55E6-0BB8-4A72-A04C-3BD9357701C2}.Release|Any CPU.ActiveCfg = Release|Any CPU
		{DE4F55E6-0BB8-4A72-A04C-3BD9357701C2}.Release|Any CPU.Build.0 = Release|Any CPU
	EndGlobalSection
	GlobalSection(SolutionProperties) = preSolution
		HideSolutionNode = FALSE
	EndGlobalSection
	GlobalSection(ExtensibilityGlobals) = postSolution
		SolutionGuid = {7F7CFF23-844C-4465-A3F8-B218ED539731}
	EndGlobalSection
EndGlobal
